// !$*UTF8*$!
{
	archiveVersion = 1;
	classes = {
	};
	objectVersion = 45;
	objects = {

/* Begin PBXBuildFile section */
		15264A09158680EB00F04CC2 /* PersonListViewController.m in Sources */ = {isa = PBXBuildFile; fileRef = 15264A07158680EB00F04CC2 /* PersonListViewController.m */; };
		15264A0A158680EB00F04CC2 /* PersonListViewController.xib in Resources */ = {isa = PBXBuildFile; fileRef = 15264A08158680EB00F04CC2 /* PersonListViewController.xib */; };
		15264A101586810200F04CC2 /* PhotoListViewController.m in Sources */ = {isa = PBXBuildFile; fileRef = 15264A0E1586810200F04CC2 /* PhotoListViewController.m */; };
		15264A111586810200F04CC2 /* PhotoListViewController.xib in Resources */ = {isa = PBXBuildFile; fileRef = 15264A0F1586810200F04CC2 /* PhotoListViewController.xib */; };
		15264ACC15869EE700F04CC2 /* PhotoDetailViewController.m in Sources */ = {isa = PBXBuildFile; fileRef = 15264ACA15869EE700F04CC2 /* PhotoDetailViewController.m */; };
		15264ACD15869EE700F04CC2 /* PhotoDetailViewController.xib in Resources */ = {isa = PBXBuildFile; fileRef = 15264ACB15869EE700F04CC2 /* PhotoDetailViewController.xib */; };
		15589B96159D1056009D44CC /* photoArray.plist in Resources */ = {isa = PBXBuildFile; fileRef = 15589B95159D1056009D44CC /* photoArray.plist */; };
		157FF02915891DFA0004F7F9 /* IMG_3056.JPG in Resources */ = {isa = PBXBuildFile; fileRef = 157FF02215891DFA0004F7F9 /* IMG_3056.JPG */; };
		157FF02A15891DFA0004F7F9 /* IMG_3061.JPG in Resources */ = {isa = PBXBuildFile; fileRef = 157FF02315891DFA0004F7F9 /* IMG_3061.JPG */; };
		157FF02B15891DFA0004F7F9 /* IMG_3064.JPG in Resources */ = {isa = PBXBuildFile; fileRef = 157FF02415891DFA0004F7F9 /* IMG_3064.JPG */; };
		157FF02C15891DFA0004F7F9 /* IMG_3065.JPG in Resources */ = {isa = PBXBuildFile; fileRef = 157FF02515891DFA0004F7F9 /* IMG_3065.JPG */; };
		157FF02D15891DFA0004F7F9 /* IMG_3066.JPG in Resources */ = {isa = PBXBuildFile; fileRef = 157FF02615891DFA0004F7F9 /* IMG_3066.JPG */; };
		157FF02E15891DFA0004F7F9 /* IMG_3068.JPG in Resources */ = {isa = PBXBuildFile; fileRef = 157FF02715891DFA0004F7F9 /* IMG_3068.JPG */; };
		157FF02F15891DFA0004F7F9 /* IMG_3069.JPG in Resources */ = {isa = PBXBuildFile; fileRef = 157FF02815891DFA0004F7F9 /* IMG_3069.JPG */; };
		1D3623260D0F684500981E51 /* Paparazzi1AppDelegate.m in Sources */ = {isa = PBXBuildFile; fileRef = 1D3623250D0F684500981E51 /* Paparazzi1AppDelegate.m */; };
		1D60589B0D05DD56006BFB54 /* main.m in Sources */ = {isa = PBXBuildFile; fileRef = 29B97316FDCFA39411CA2CEA /* main.m */; };
		1D60589F0D05DD5A006BFB54 /* Foundation.framework in Frameworks */ = {isa = PBXBuildFile; fileRef = 1D30AB110D05D00D00671497 /* Foundation.framework */; };
		1DF5F4E00D08C38300B7A737 /* UIKit.framework in Frameworks */ = {isa = PBXBuildFile; fileRef = 1DF5F4DF0D08C38300B7A737 /* UIKit.framework */; };
		288765FD0DF74451002DB57D /* CoreGraphics.framework in Frameworks */ = {isa = PBXBuildFile; fileRef = 288765FC0DF74451002DB57D /* CoreGraphics.framework */; };
		28AD733F0D9D9553002E5188 /* MainWindow.xib in Resources */ = {isa = PBXBuildFile; fileRef = 28AD733E0D9D9553002E5188 /* MainWindow.xib */; };
/* End PBXBuildFile section */

/* Begin PBXFileReference section */
		15264A06158680EB00F04CC2 /* PersonListViewController.h */ = {isa = PBXFileReference; fileEncoding = 4; lastKnownFileType = sourcecode.c.h; path = PersonListViewController.h; sourceTree = "<group>"; };
		15264A07158680EB00F04CC2 /* PersonListViewController.m */ = {isa = PBXFileReference; fileEncoding = 4; lastKnownFileType = sourcecode.c.objc; path = PersonListViewController.m; sourceTree = "<group>"; };
		15264A08158680EB00F04CC2 /* PersonListViewController.xib */ = {isa = PBXFileReference; lastKnownFileType = file.xib; path = PersonListViewController.xib; sourceTree = "<group>"; };
		15264A0D1586810200F04CC2 /* PhotoListViewController.h */ = {isa = PBXFileReference; fileEncoding = 4; lastKnownFileType = sourcecode.c.h; path = PhotoListViewController.h; sourceTree = "<group>"; };
		15264A0E1586810200F04CC2 /* PhotoListViewController.m */ = {isa = PBXFileReference; fileEncoding = 4; lastKnownFileType = sourcecode.c.objc; path = PhotoListViewController.m; sourceTree = "<group>"; };
		15264A0F1586810200F04CC2 /* PhotoListViewController.xib */ = {isa = PBXFileReference; lastKnownFileType = file.xib; path = PhotoListViewController.xib; sourceTree = "<group>"; };
		15264AC915869EE700F04CC2 /* PhotoDetailViewController.h */ = {isa = PBXFileReference; fileEncoding = 4; lastKnownFileType = sourcecode.c.h; path = PhotoDetailViewController.h; sourceTree = "<group>"; };
		15264ACA15869EE700F04CC2 /* PhotoDetailViewController.m */ = {isa = PBXFileReference; fileEncoding = 4; lastKnownFileType = sourcecode.c.objc; path = PhotoDetailViewController.m; sourceTree = "<group>"; };
		15264ACB15869EE700F04CC2 /* PhotoDetailViewController.xib */ = {isa = PBXFileReference; lastKnownFileType = file.xib; path = PhotoDetailViewController.xib; sourceTree = "<group>"; };
		15589B95159D1056009D44CC /* photoArray.plist */ = {isa = PBXFileReference; fileEncoding = 4; lastKnownFileType = text.plist.xml; path = photoArray.plist; sourceTree = "<group>"; };
		157FF02215891DFA0004F7F9 /* IMG_3056.JPG */ = {isa = PBXFileReference; lastKnownFileType = image.jpeg; path = IMG_3056.JPG; sourceTree = "<group>"; };
		157FF02315891DFA0004F7F9 /* IMG_3061.JPG */ = {isa = PBXFileReference; lastKnownFileType = image.jpeg; path = IMG_3061.JPG; sourceTree = "<group>"; };
		157FF02415891DFA0004F7F9 /* IMG_3064.JPG */ = {isa = PBXFileReference; lastKnownFileType = image.jpeg; path = IMG_3064.JPG; sourceTree = "<group>"; };
		157FF02515891DFA0004F7F9 /* IMG_3065.JPG */ = {isa = PBXFileReference; lastKnownFileType = image.jpeg; path = IMG_3065.JPG; sourceTree = "<group>"; };
		157FF02615891DFA0004F7F9 /* IMG_3066.JPG */ = {isa = PBXFileReference; lastKnownFileType = image.jpeg; path = IMG_3066.JPG; sourceTree = "<group>"; };
		157FF02715891DFA0004F7F9 /* IMG_3068.JPG */ = {isa = PBXFileReference; lastKnownFileType = image.jpeg; path = IMG_3068.JPG; sourceTree = "<group>"; };
		157FF02815891DFA0004F7F9 /* IMG_3069.JPG */ = {isa = PBXFileReference; lastKnownFileType = image.jpeg; path = IMG_3069.JPG; sourceTree = "<group>"; };
		1D30AB110D05D00D00671497 /* Foundation.framework */ = {isa = PBXFileReference; lastKnownFileType = wrapper.framework; name = Foundation.framework; path = System/Library/Frameworks/Foundation.framework; sourceTree = SDKROOT; };
		1D3623240D0F684500981E51 /* Paparazzi1AppDelegate.h */ = {isa = PBXFileReference; fileEncoding = 4; lastKnownFileType = sourcecode.c.h; path = Paparazzi1AppDelegate.h; sourceTree = "<group>"; };
		1D3623250D0F684500981E51 /* Paparazzi1AppDelegate.m */ = {isa = PBXFileReference; fileEncoding = 4; lastKnownFileType = sourcecode.c.objc; path = Paparazzi1AppDelegate.m; sourceTree = "<group>"; };
		1D6058910D05DD3D006BFB54 /* Paparazzi1.app */ = {isa = PBXFileReference; explicitFileType = wrapper.application; includeInIndex = 0; path = Paparazzi1.app; sourceTree = BUILT_PRODUCTS_DIR; };
		1DF5F4DF0D08C38300B7A737 /* UIKit.framework */ = {isa = PBXFileReference; lastKnownFileType = wrapper.framework; name = UIKit.framework; path = System/Library/Frameworks/UIKit.framework; sourceTree = SDKROOT; };
		288765FC0DF74451002DB57D /* CoreGraphics.framework */ = {isa = PBXFileReference; lastKnownFileType = wrapper.framework; name = CoreGraphics.framework; path = System/Library/Frameworks/CoreGraphics.framework; sourceTree = SDKROOT; };
		28AD733E0D9D9553002E5188 /* MainWindow.xib */ = {isa = PBXFileReference; lastKnownFileType = file.xib; path = MainWindow.xib; sourceTree = "<group>"; };
		29B97316FDCFA39411CA2CEA /* main.m */ = {isa = PBXFileReference; fileEncoding = 4; lastKnownFileType = sourcecode.c.objc; path = main.m; sourceTree = "<group>"; };
		32CA4F630368D1EE00C91783 /* Paparazzi1_Prefix.pch */ = {isa = PBXFileReference; fileEncoding = 4; lastKnownFileType = sourcecode.c.h; path = Paparazzi1_Prefix.pch; sourceTree = "<group>"; };
		8D1107310486CEB800E47090 /* Paparazzi1-Info.plist */ = {isa = PBXFileReference; fileEncoding = 4; lastKnownFileType = text.plist.xml; path = "Paparazzi1-Info.plist"; plistStructureDefinitionIdentifier = "com.apple.xcode.plist.structure-definition.iphone.info-plist"; sourceTree = "<group>"; };
/* End PBXFileReference section */

/* Begin PBXFrameworksBuildPhase section */
		1D60588F0D05DD3D006BFB54 /* Frameworks */ = {
			isa = PBXFrameworksBuildPhase;
			buildActionMask = 2147483647;
			files = (
				1D60589F0D05DD5A006BFB54 /* Foundation.framework in Frameworks */,
				1DF5F4E00D08C38300B7A737 /* UIKit.framework in Frameworks */,
				288765FD0DF74451002DB57D /* CoreGraphics.framework in Frameworks */,
			);
			runOnlyForDeploymentPostprocessing = 0;
		};
/* End PBXFrameworksBuildPhase section */

/* Begin PBXGroup section */
		080E96DDFE201D6D7F000001 /* Classes */ = {
			isa = PBXGroup;
			children = (
				1D3623240D0F684500981E51 /* Paparazzi1AppDelegate.h */,
				1D3623250D0F684500981E51 /* Paparazzi1AppDelegate.m */,
				15264A06158680EB00F04CC2 /* PersonListViewController.h */,
				15264A07158680EB00F04CC2 /* PersonListViewController.m */,
				15264A08158680EB00F04CC2 /* PersonListViewController.xib */,
				15264AC915869EE700F04CC2 /* PhotoDetailViewController.h */,
				15264ACA15869EE700F04CC2 /* PhotoDetailViewController.m */,
				15264ACB15869EE700F04CC2 /* PhotoDetailViewController.xib */,
				15264A0D1586810200F04CC2 /* PhotoListViewController.h */,
				15264A0E1586810200F04CC2 /* PhotoListViewController.m */,
				15264A0F1586810200F04CC2 /* PhotoListViewController.xib */,
			);
			path = Classes;
			sourceTree = "<group>";
		};
		19C28FACFE9D520D11CA2CBB /* Products */ = {
			isa = PBXGroup;
			children = (
				1D6058910D05DD3D006BFB54 /* Paparazzi1.app */,
			);
			name = Products;
			sourceTree = "<group>";
		};
		29B97314FDCFA39411CA2CEA /* CustomTemplate */ = {
			isa = PBXGroup;
			children = (
				080E96DDFE201D6D7F000001 /* Classes */,
				29B97315FDCFA39411CA2CEA /* Other Sources */,
				29B97317FDCFA39411CA2CEA /* Resources */,
				29B97323FDCFA39411CA2CEA /* Frameworks */,
				19C28FACFE9D520D11CA2CBB /* Products */,
			);
			name = CustomTemplate;
			sourceTree = "<group>";
		};
		29B97315FDCFA39411CA2CEA /* Other Sources */ = {
			isa = PBXGroup;
			children = (
				32CA4F630368D1EE00C91783 /* Paparazzi1_Prefix.pch */,
				29B97316FDCFA39411CA2CEA /* main.m */,
			);
			name = "Other Sources";
			sourceTree = "<group>";
		};
		29B97317FDCFA39411CA2CEA /* Resources */ = {
			isa = PBXGroup;
			children = (
				15589B95159D1056009D44CC /* photoArray.plist */,
				28AD733E0D9D9553002E5188 /* MainWindow.xib */,
				157FF02215891DFA0004F7F9 /* IMG_3056.JPG */,
				157FF02315891DFA0004F7F9 /* IMG_3061.JPG */,
				157FF02415891DFA0004F7F9 /* IMG_3064.JPG */,
				157FF02515891DFA0004F7F9 /* IMG_3065.JPG */,
				157FF02615891DFA0004F7F9 /* IMG_3066.JPG */,
				157FF02715891DFA0004F7F9 /* IMG_3068.JPG */,
				157FF02815891DFA0004F7F9 /* IMG_3069.JPG */,
				8D1107310486CEB800E47090 /* Paparazzi1-Info.plist */,
			);
			name = Resources;
			sourceTree = "<group>";
		};
		29B97323FDCFA39411CA2CEA /* Frameworks */ = {
			isa = PBXGroup;
			children = (
				1DF5F4DF0D08C38300B7A737 /* UIKit.framework */,
				1D30AB110D05D00D00671497 /* Foundation.framework */,
				288765FC0DF74451002DB57D /* CoreGraphics.framework */,
			);
			name = Frameworks;
			sourceTree = "<group>";
		};
/* End PBXGroup section */

/* Begin PBXNativeTarget section */
		1D6058900D05DD3D006BFB54 /* Paparazzi1 */ = {
			isa = PBXNativeTarget;
			buildConfigurationList = 1D6058960D05DD3E006BFB54 /* Build configuration list for PBXNativeTarget "Paparazzi1" */;
			buildPhases = (
				1D60588D0D05DD3D006BFB54 /* Resources */,
				1D60588E0D05DD3D006BFB54 /* Sources */,
				1D60588F0D05DD3D006BFB54 /* Frameworks */,
			);
			buildRules = (
			);
			dependencies = (
			);
			name = Paparazzi1;
			productName = Paparazzi1;
			productReference = 1D6058910D05DD3D006BFB54 /* Paparazzi1.app */;
			productType = "com.apple.product-type.application";
		};
/* End PBXNativeTarget section */

/* Begin PBXProject section */
		29B97313FDCFA39411CA2CEA /* Project object */ = {
			isa = PBXProject;
			buildConfigurationList = C01FCF4E08A954540054247B /* Build configuration list for PBXProject "Paparazzi1" */;
			compatibilityVersion = "Xcode 3.1";
			developmentRegion = English;
			hasScannedForEncodings = 1;
			knownRegions = (
				English,
				Japanese,
				French,
				German,
			);
			mainGroup = 29B97314FDCFA39411CA2CEA /* CustomTemplate */;
			projectDirPath = "";
			projectRoot = "";
			targets = (
				1D6058900D05DD3D006BFB54 /* Paparazzi1 */,
			);
		};
/* End PBXProject section */

/* Begin PBXResourcesBuildPhase section */
		1D60588D0D05DD3D006BFB54 /* Resources */ = {
			isa = PBXResourcesBuildPhase;
			buildActionMask = 2147483647;
			files = (
				28AD733F0D9D9553002E5188 /* MainWindow.xib in Resources */,
				15264A0A158680EB00F04CC2 /* PersonListViewController.xib in Resources */,
				15264A111586810200F04CC2 /* PhotoListViewController.xib in Resources */,
				15264ACD15869EE700F04CC2 /* PhotoDetailViewController.xib in Resources */,
				157FF02915891DFA0004F7F9 /* IMG_3056.JPG in Resources */,
				157FF02A15891DFA0004F7F9 /* IMG_3061.JPG in Resources */,
				157FF02B15891DFA0004F7F9 /* IMG_3064.JPG in Resources */,
				157FF02C15891DFA0004F7F9 /* IMG_3065.JPG in Resources */,
				157FF02D15891DFA0004F7F9 /* IMG_3066.JPG in Resources */,
				157FF02E15891DFA0004F7F9 /* IMG_3068.JPG in Resources */,
				157FF02F15891DFA0004F7F9 /* IMG_3069.JPG in Resources */,
				15589B96159D1056009D44CC /* photoArray.plist in Resources */,
			);
			runOnlyForDeploymentPostprocessing = 0;
		};
/* End PBXResourcesBuildPhase section */

/* Begin PBXSourcesBuildPhase section */
		1D60588E0D05DD3D006BFB54 /* Sources */ = {
			isa = PBXSourcesBuildPhase;
			buildActionMask = 2147483647;
			files = (
				1D60589B0D05DD56006BFB54 /* main.m in Sources */,
				1D3623260D0F684500981E51 /* Paparazzi1AppDelegate.m in Sources */,
				15264A09158680EB00F04CC2 /* PersonListViewController.m in Sources */,
				15264A101586810200F04CC2 /* PhotoListViewController.m in Sources */,
				15264ACC15869EE700F04CC2 /* PhotoDetailViewController.m in Sources */,
			);
			runOnlyForDeploymentPostprocessing = 0;
		};
/* End PBXSourcesBuildPhase section */

/* Begin XCBuildConfiguration section */
		1D6058940D05DD3E006BFB54 /* Debug */ = {
			isa = XCBuildConfiguration;
			buildSettings = {
				ALWAYS_SEARCH_USER_PATHS = NO;
				COPY_PHASE_STRIP = NO;
				GCC_DYNAMIC_NO_PIC = NO;
				GCC_OPTIMIZATION_LEVEL = 0;
				GCC_PRECOMPILE_PREFIX_HEADER = YES;
				GCC_PREFIX_HEADER = Paparazzi1_Prefix.pch;
				INFOPLIST_FILE = "Paparazzi1-Info.plist";
				PRODUCT_NAME = Paparazzi1;
			};
			name = Debug;
		};
		1D6058950D05DD3E006BFB54 /* Release */ = {
			isa = XCBuildConfiguration;
			buildSettings = {
				ALWAYS_SEARCH_USER_PATHS = NO;
				COPY_PHASE_STRIP = YES;
				GCC_PRECOMPILE_PREFIX_HEADER = YES;
				GCC_PREFIX_HEADER = Paparazzi1_Prefix.pch;
				INFOPLIST_FILE = "Paparazzi1-Info.plist";
				PRODUCT_NAME = Paparazzi1;
			};
			name = Release;
		};
		C01FCF4F08A954540054247B /* Debug */ = {
			isa = XCBuildConfiguration;
			buildSettings = {
				ARCHS = "$(ARCHS_STANDARD_32_BIT)";
				"CODE_SIGN_IDENTITY[sdk=iphoneos*]" = "iPhone Developer";
				GCC_C_LANGUAGE_STANDARD = c99;
				GCC_WARN_ABOUT_RETURN_TYPE = YES;
				GCC_WARN_UNUSED_VARIABLE = YES;
				IPHONEOS_DEPLOYMENT_TARGET = 4.3;
				PREBINDING = NO;
				SDKROOT = iphoneos;
			};
			name = Debug;
		};
		C01FCF5008A954540054247B /* Release */ = {
			isa = XCBuildConfiguration;
			buildSettings = {
				ARCHS = "$(ARCHS_STANDARD_32_BIT)";
				"CODE_SIGN_IDENTITY[sdk=iphoneos*]" = "iPhone Developer";
				GCC_C_LANGUAGE_STANDARD = c99;
				GCC_WARN_ABOUT_RETURN_TYPE = YES;
				GCC_WARN_UNUSED_VARIABLE = YES;
				IPHONEOS_DEPLOYMENT_TARGET = 4.3;
				PREBINDING = NO;
				SDKROOT = iphoneos;
			};
			name = Release;
		};
/* End XCBuildConfiguration section */

/* Begin XCConfigurationList section */
		1D6058960D05DD3E006BFB54 /* Build configuration list for PBXNativeTarget "Paparazzi1" */ = {
			isa = XCConfigurationList;
			buildConfigurations = (
				1D6058940D05DD3E006BFB54 /* Debug */,
				1D6058950D05DD3E006BFB54 /* Release */,
			);
			defaultConfigurationIsVisible = 0;
			defaultConfigurationName = Release;
		};
		C01FCF4E08A954540054247B /* Build configuration list for PBXProject "Paparazzi1" */ = {
			isa = XCConfigurationList;
			buildConfigurations = (
				C01FCF4F08A954540054247B /* Debug */,
				C01FCF5008A954540054247B /* Release */,
			);
			defaultConfigurationIsVisible = 0;
			defaultConfigurationName = Release;
		};
/* End XCConfigurationList section */
	};
	rootObject = 29B97313FDCFA39411CA2CEA /* Project object */;
}
